
Microsoft Visual Studio Solution File, Format Version 12.00
# Visual Studio Version 16
VisualStudioVersion = 16.0.31624.102
MinimumVisualStudioVersion = 10.0.40219.1
Project("{FAE04EC0-301F-11D3-BF4B-00C04F79EFBC}") = "ConsoleApp", "ConsoleApp\ConsoleApp.csproj", "{7B43D1DE-5D73-4128-A921-2C7D2F2EE80B}"
EndProject
Global
	GlobalSection(SolutionConfigurationPlatforms) = preSolution
		Debug|Any CPU = Debug|Any CPU
		Release|Any CPU = Release|Any CPU
	EndGlobalSection
	GlobalSection(ProjectConfigurationPlatforms) = postSolution
		{7B43D1DE-5D73-4128-A921-2C7D2F2EE80B}.Debug|Any CPU.ActiveCfg = Debug|Any CPU
		{7B43D1DE-5D73-4128-A921-2C7D2F2EE80B}.Debug|Any CPU.Build.0 = Debug|Any CPU
		{7B43D1DE-5D73-4128-A921-2C7D2F2EE80B}.Release|Any CPU.ActiveCfg = Release|Any CPU
		{7B43D1DE-5D73-4128-A921-2C7D2F2EE80B}.Release|Any CPU.Build.0 = Release|Any CPU
	EndGlobalSection
	GlobalSection(SolutionProperties) = preSolution
		HideSolutionNode = FALSE
	EndGlobalSection
	GlobalSection(ExtensibilityGlobals) = postSolution
		SolutionGuid = {F0D2A281-C58B-4E4E-8AEC-A8067FDCCCDB}
	EndGlobalSection
EndGlobal
